# THIS IS AN AUTOGENERATED FILE. DO NOT EDIT THIS FILE DIRECTLY.
# yarn lockfile v1


react-native-fetch-redirect-manual@^0.0.13:
  version "0.0.13"
  resolved "https://registry.yarnpkg.com/react-native-fetch-redirect-manual/-/react-native-fetch-redirect-manual-0.0.13.tgz#3b0dd609c64a9b7497351afd62f6d208177c286f"
  integrity sha512-1Ok6jya5NU4m1CkrHr0ZjNE3Z2593wr8p9/gBclInlugdys4gfqldlqE6L9U99kSJu5XokTJ2MEXOM5Pgk0kYg==
